<?xml version="1.0" encoding="utf-8"?>
<Project ToolsVersion="4.0" xmlns="http://schemas.microsoft.com/developer/msbuild/2003">
  <ItemGroup>
    <Filter Include="Исходные файлы">
      <UniqueIdentifier>{4FC737F1-C7A5-4376-A066-2A32D752A2FF}</UniqueIdentifier>
      <Extensions>cpp;c;cc;cxx;c++;cppm;ixx;def;odl;idl;hpj;bat;asm;asmx</Extensions>
    </Filter>
    <Filter Include="Исходные файлы\include">
      <UniqueIdentifier>{a646cd8e-412e-4c98-8c1c-58213fdf19c9}</UniqueIdentifier>
    </Filter>
    <Filter Include="Исходные файлы\src">
      <UniqueIdentifier>{492ab0e1-5876-4b21-825f-148a2ded4d33}</UniqueIdentifier>
    </Filter>
    <Filter Include="Исходные файлы\include\Pokemon">
      <UniqueIdentifier>{5d18ee08-fd99-4ed7-9ae9-50c36fa20103}</UniqueIdentifier>
    </Filter>
    <Filter Include="Исходные файлы\json">
      <UniqueIdentifier>{13c9ea16-6742-4083-8e99-a771f21e036c}</UniqueIdentifier>
    </Filter>
  </ItemGroup>
  <ItemGroup>
    <ClCompile Include="game.cpp">
      <Filter>Исходные файлы</Filter>
    </ClCompile>
    <ClCompile Include="AssetManager.cpp">
      <Filter>Исходные файлы\src</Filter>
    </ClCompile>
    <ClCompile Include="DataManager.cpp">
      <Filter>Исходные файлы\src</Filter>
    </ClCompile>
    <ClCompile Include="Enums.cpp">
      <Filter>Исходные файлы\src</Filter>
    </ClCompile>
    <ClCompile Include="JsonConverters.cpp">
      <Filter>Исходные файлы\json</Filter>
    </ClCompile>
  </ItemGroup>
  <ItemGroup>
    <ClInclude Include="AssetManager.h">
      <Filter>Исходные файлы\include</Filter>
    </ClInclude>
    <ClInclude Include="DataManager.h">
      <Filter>Исходные файлы\include</Filter>
    </ClInclude>
    <ClInclude Include="Bot.h">
      <Filter>Исходные файлы\include</Filter>
    </ClInclude>
    <ClInclude Include="Map.h">
      <Filter>Исходные файлы\include</Filter>
    </ClInclude>
    <ClInclude Include="Enums.h">
      <Filter>Исходные файлы\include</Filter>
    </ClInclude>
    <ClInclude Include="Pokemon.h">
      <Filter>Исходные файлы\include\Pokemon</Filter>
    </ClInclude>
    <ClInclude Include="Move.h">
      <Filter>Исходные файлы\include\Pokemon</Filter>
    </ClInclude>
    <ClInclude Include="JsonConverters.h">
      <Filter>Исходные файлы\json</Filter>
    </ClInclude>
  </ItemGroup>
</Project>