<?xml version="1.0" encoding="utf-8"?>
<Project ToolsVersion="4.0" xmlns="http://schemas.microsoft.com/developer/msbuild/2003">
  <ItemGroup>
    <Filter Include="Game">
      <UniqueIdentifier>{15864e4b-bb9e-410e-8405-c6a4f2221441}</UniqueIdentifier>
    </Filter>
    <Filter Include="json">
      <UniqueIdentifier>{77ab580a-367f-4e80-a26d-66b19e3a0265}</UniqueIdentifier>
    </Filter>
    <Filter Include="Managers">
      <UniqueIdentifier>{25a7e93c-b2aa-43a6-b727-6022ab270fd1}</UniqueIdentifier>
    </Filter>
    <Filter Include="Map">
      <UniqueIdentifier>{7e656e57-9cef-4aab-8ce1-06b67fc4635b}</UniqueIdentifier>
    </Filter>
    <Filter Include="Pokemon">
      <UniqueIdentifier>{43f1f654-e513-434d-b6be-d8f12281a42b}</UniqueIdentifier>
    </Filter>
    <Filter Include="Screens">
      <UniqueIdentifier>{42a5be91-9e5e-4185-8d2c-528d24cdefdb}</UniqueIdentifier>
    </Filter>
  </ItemGroup>
  <ItemGroup>
    <ClCompile Include="Game\Battle.cpp">
      <Filter>Game</Filter>
    </ClCompile>
    <ClCompile Include="Game\GameState.cpp">
      <Filter>Game</Filter>
    </ClCompile>
    <ClCompile Include="json\JsonConverters.cpp">
      <Filter>json</Filter>
    </ClCompile>
    <ClCompile Include="Managers\AssetManager.cpp">
      <Filter>Managers</Filter>
    </ClCompile>
    <ClCompile Include="Managers\DataManager.cpp">
      <Filter>Managers</Filter>
    </ClCompile>
    <ClCompile Include="Managers\Enums.cpp">
      <Filter>Managers</Filter>
    </ClCompile>
    <ClCompile Include="Managers\SaveUtils.cpp">
      <Filter>Managers</Filter>
    </ClCompile>
    <ClCompile Include="Managers\ScreenManager.cpp">
      <Filter>Managers</Filter>
    </ClCompile>
    <ClCompile Include="Map\Map.cpp">
      <Filter>Map</Filter>
    </ClCompile>
    <ClCompile Include="Screens\MenuScreen.cpp">
      <Filter>Screens</Filter>
    </ClCompile>
    <ClCompile Include="game.cpp" />
    <ClCompile Include="Screens\CharacterScreen.cpp">
      <Filter>Screens</Filter>
    </ClCompile>
    <ClCompile Include="Screens\PokemonScreen.cpp">
      <Filter>Screens</Filter>
    </ClCompile>
    <ClCompile Include="Screens\MapScreen.cpp">
      <Filter>Screens</Filter>
    </ClCompile>
    <ClCompile Include="Screens\BattleScreen.cpp">
      <Filter>Screens</Filter>
    </ClCompile>
  </ItemGroup>
  <ItemGroup>
    <ClInclude Include="Game\Battle.h">
      <Filter>Game</Filter>
    </ClInclude>
    <ClInclude Include="Game\Bot.h">
      <Filter>Game</Filter>
    </ClInclude>
    <ClInclude Include="Game\GameState.h">
      <Filter>Game</Filter>
    </ClInclude>
    <ClInclude Include="Game\Player.h">
      <Filter>Game</Filter>
    </ClInclude>
    <ClInclude Include="json\JsonConverters.h">
      <Filter>json</Filter>
    </ClInclude>
    <ClInclude Include="Managers\AssetManager.h">
      <Filter>Managers</Filter>
    </ClInclude>
    <ClInclude Include="Managers\DataManager.h">
      <Filter>Managers</Filter>
    </ClInclude>
    <ClInclude Include="Managers\Enums.h">
      <Filter>Managers</Filter>
    </ClInclude>
    <ClInclude Include="Managers\ScreenManager.h">
      <Filter>Managers</Filter>
    </ClInclude>
    <ClInclude Include="Map\Cell.h">
      <Filter>Map</Filter>
    </ClInclude>
    <ClInclude Include="Map\Map.h">
      <Filter>Map</Filter>
    </ClInclude>
    <ClInclude Include="Pokemon\Move.h">
      <Filter>Pokemon</Filter>
    </ClInclude>
    <ClInclude Include="Pokemon\Pokemon.h">
      <Filter>Pokemon</Filter>
    </ClInclude>
    <ClInclude Include="Screens\BattleScreen.h">
      <Filter>Screens</Filter>
    </ClInclude>
    <ClInclude Include="Screens\CharacterScreen.h">
      <Filter>Screens</Filter>
    </ClInclude>
    <ClInclude Include="Screens\MapScreen.h">
      <Filter>Screens</Filter>
    </ClInclude>
    <ClInclude Include="Screens\MenuScreen.h">
      <Filter>Screens</Filter>
    </ClInclude>
    <ClInclude Include="Screens\PokemonScreen.h">
      <Filter>Screens</Filter>
    </ClInclude>
    <ClInclude Include="Screens\Screen.h">
      <Filter>Screens</Filter>
    </ClInclude>
    <ClInclude Include="Screens\WinScreen.h">
      <Filter>Screens</Filter>
    </ClInclude>
  </ItemGroup>
</Project>