<?xml version="1.0" encoding="utf-8"?>
<Project ToolsVersion="4.0" xmlns="http://schemas.microsoft.com/developer/msbuild/2003">
  <ItemGroup>
    <Filter Include="Исходные файлы">
      <UniqueIdentifier>{4FC737F1-C7A5-4376-A066-2A32D752A2FF}</UniqueIdentifier>
      <Extensions>cpp;c;cc;cxx;c++;cppm;ixx;def;odl;idl;hpj;bat;asm;asmx</Extensions>
    </Filter>
    <Filter Include="Исходные файлы\include">
      <UniqueIdentifier>{a646cd8e-412e-4c98-8c1c-58213fdf19c9}</UniqueIdentifier>
    </Filter>
    <Filter Include="Исходные файлы\src">
      <UniqueIdentifier>{492ab0e1-5876-4b21-825f-148a2ded4d33}</UniqueIdentifier>
    </Filter>
    <Filter Include="Исходные файлы\include\Pokemon">
      <UniqueIdentifier>{5d18ee08-fd99-4ed7-9ae9-50c36fa20103}</UniqueIdentifier>
    </Filter>
    <Filter Include="Исходные файлы\json">
      <UniqueIdentifier>{13c9ea16-6742-4083-8e99-a771f21e036c}</UniqueIdentifier>
    </Filter>
    <Filter Include="Исходные файлы\include\Map">
      <UniqueIdentifier>{cbec8bc2-6c5a-4548-b43a-6ae7e37f3941}</UniqueIdentifier>
    </Filter>
    <Filter Include="Исходные файлы\include\Managers">
      <UniqueIdentifier>{77940c9d-147e-442c-8cc1-e68db0d3ddc3}</UniqueIdentifier>
    </Filter>
    <Filter Include="Исходные файлы\src\Map">
      <UniqueIdentifier>{0aee48ad-8cc9-46a7-a781-09c765da9451}</UniqueIdentifier>
    </Filter>
    <Filter Include="Исходные файлы\src\Managers">
      <UniqueIdentifier>{a310d5f4-f3fc-4461-9e54-b32bdac9d600}</UniqueIdentifier>
    </Filter>
    <Filter Include="Исходные файлы\include\Game">
      <UniqueIdentifier>{7b910e55-37d0-4d78-a4ee-206b9e4c4773}</UniqueIdentifier>
    </Filter>
    <Filter Include="Исходные файлы\src\Game">
      <UniqueIdentifier>{38500b42-0615-492b-8153-be00347de650}</UniqueIdentifier>
    </Filter>
  </ItemGroup>
  <ItemGroup>
    <ClCompile Include="game.cpp">
      <Filter>Исходные файлы</Filter>
    </ClCompile>
    <ClCompile Include="JsonConverters.cpp">
      <Filter>Исходные файлы\json</Filter>
    </ClCompile>
    <ClCompile Include="Map.cpp">
      <Filter>Исходные файлы\src\Map</Filter>
    </ClCompile>
    <ClCompile Include="AssetManager.cpp">
      <Filter>Исходные файлы\src\Managers</Filter>
    </ClCompile>
    <ClCompile Include="DataManager.cpp">
      <Filter>Исходные файлы\src\Managers</Filter>
    </ClCompile>
    <ClCompile Include="Enums.cpp">
      <Filter>Исходные файлы\src\Managers</Filter>
    </ClCompile>
    <ClCompile Include="SaveUtils.cpp">
      <Filter>Исходные файлы\src\Game</Filter>
    </ClCompile>
    <ClCompile Include="GameState.cpp">
      <Filter>Исходные файлы\src\Game</Filter>
    </ClCompile>
  </ItemGroup>
  <ItemGroup>
    <ClInclude Include="Pokemon.h">
      <Filter>Исходные файлы\include\Pokemon</Filter>
    </ClInclude>
    <ClInclude Include="Move.h">
      <Filter>Исходные файлы\include\Pokemon</Filter>
    </ClInclude>
    <ClInclude Include="JsonConverters.h">
      <Filter>Исходные файлы\json</Filter>
    </ClInclude>
    <ClInclude Include="Map.h">
      <Filter>Исходные файлы\include\Map</Filter>
    </ClInclude>
    <ClInclude Include="Cell.h">
      <Filter>Исходные файлы\include\Map</Filter>
    </ClInclude>
    <ClInclude Include="AssetManager.h">
      <Filter>Исходные файлы\include\Managers</Filter>
    </ClInclude>
    <ClInclude Include="DataManager.h">
      <Filter>Исходные файлы\include\Managers</Filter>
    </ClInclude>
    <ClInclude Include="Enums.h">
      <Filter>Исходные файлы\include\Managers</Filter>
    </ClInclude>
    <ClInclude Include="Bot.h">
      <Filter>Исходные файлы\include\Game</Filter>
    </ClInclude>
    <ClInclude Include="Player.h">
      <Filter>Исходные файлы\include\Game</Filter>
    </ClInclude>
    <ClInclude Include="GameState.h">
      <Filter>Исходные файлы\include\Game</Filter>
    </ClInclude>
  </ItemGroup>
</Project>